{
  "version": "5",
  "specifiers": {
    "npm:@types/node@*": "24.2.0"
  },
  "npm": {
    "@types/node@24.2.0": {
      "integrity": "sha512-3xyG3pMCq3oYCNg7/ZP+E1ooTaGB4cG8JWRsqqOYQdbWNY4zbaV0Ennrd7stjiJEFZCaybcIgpTjJWHRfBSIDw==",
      "dependencies": [
        "undici-types"
      ]
    },
    "undici-types@7.10.0": {
      "integrity": "sha512-t5Fy/nfn+14LuOc2KNYg75vZqClpAiqscVvMygNnlsHBFpSXdJaYtXMcdNLpl/Qvc3P2cB3s6lOV51nqsFq4ag=="
    }
  },
  "redirects": {
    "https://esm.sh/@supabase/node-fetch@^2.6.13?target=denonext": "https://esm.sh/@supabase/node-fetch@2.6.15?target=denonext",
    "https://esm.sh/@supabase/node-fetch@^2.6.14?target=denonext": "https://esm.sh/@supabase/node-fetch@2.6.15?target=denonext",
    "https://esm.sh/@supabase/storage-js@^2.10.4?target=denonext": "https://esm.sh/@supabase/storage-js@2.12.1?target=denonext",
    "https://esm.sh/tr46@~0.0.3?target=denonext": "https://esm.sh/tr46@0.0.3?target=denonext",
    "https://esm.sh/webidl-conversions@^3.0.0?target=denonext": "https://esm.sh/webidl-conversions@3.0.1?target=denonext",
    "https://esm.sh/whatwg-url@^5.0.0?target=denonext": "https://esm.sh/whatwg-url@5.0.0?target=denonext"
  },
  "remote": {
    "https://esm.sh/@supabase/auth-js@2.71.1/denonext/auth-js.mjs": "d55f67342e652b8bdce35b0ff13ad5cc294b7e96dbd68f859b464b07c6864967",
    "https://esm.sh/@supabase/functions-js@2.4.5/denonext/functions-js.mjs": "acfcb4db90c292c335a9dbb5664485f5e0b680533d68e6942abb9387ec7e0d0b",
    "https://esm.sh/@supabase/node-fetch@2.6.15/denonext/node-fetch.mjs": "0bae9052231f4f6dbccc7234d05ea96923dbf967be12f402764580b6bf9f713d",
    "https://esm.sh/@supabase/node-fetch@2.6.15?target=denonext": "4d28c4ad97328403184353f68434f2b6973971507919e9150297413664919cf3",
    "https://esm.sh/@supabase/postgrest-js@1.21.3/denonext/postgrest-js.mjs": "a9567fcd2c62b498d01514aebf82beb11acdd8242833d081bdc61d1f0227f9ef",
    "https://esm.sh/@supabase/realtime-js@2.15.1/denonext/realtime-js.mjs": "c297565cc5ba09d2732a3fc94a59e06426bd98cc1f836743787e2012a094f0a1",
    "https://esm.sh/@supabase/storage-js@2.12.1/denonext/storage-js.mjs": "7a5a47546486972c0627b620e7413300b4e82ac6e26b53d2c31933e13c2d652e",
    "https://esm.sh/@supabase/storage-js@2.12.1?target=denonext": "02cd5e943ff1f8ac7c91528648bdcd1825186789dc1eaed69c43c16de83e557e",
    "https://esm.sh/@supabase/supabase-js@2.56.0": "50baccccd32442c4f244dfd29278f5f9b054ef3fb5c98e9afe2242d732355757",
    "https://esm.sh/@supabase/supabase-js@2.56.0/denonext/supabase-js.mjs": "954916e048e2777d17106c9d9f3c4a1aeb7fe19fbdcf5683ee77f1aac2515fe5",
    "https://esm.sh/tr46@0.0.3/denonext/tr46.mjs": "5753ec0a99414f4055f0c1f97691100f13d88e48a8443b00aebb90a512785fa2",
    "https://esm.sh/tr46@0.0.3?target=denonext": "19cb9be0f0d418a0c3abb81f2df31f080e9540a04e43b0f699bce1149cba0cbb",
    "https://esm.sh/webidl-conversions@3.0.1/denonext/webidl-conversions.mjs": "54b5c2d50a294853c4ccebf9d5ed8988c94f4e24e463d84ec859a866ea5fafec",
    "https://esm.sh/webidl-conversions@3.0.1?target=denonext": "4e20318d50528084616c79d7b3f6e7f0fe7b6d09013bd01b3974d7448d767e29",
    "https://esm.sh/whatwg-url@5.0.0/denonext/whatwg-url.mjs": "29b16d74ee72624c915745bbd25b617cfd2248c6af0f5120d131e232a9a9af79",
    "https://esm.sh/whatwg-url@5.0.0?target=denonext": "f001a2cadf81312d214ca330033f474e74d81a003e21e8c5d70a1f46dc97b02d"
  }
}
